PODS:
  - Alamofire (4.9.1)
  - MBProgressHUD (1.1.0)
  - Moya (13.0.1):
    - Moya/Core (= 13.0.1)
  - Moya/Core (13.0.1):
    - Alamofire (~> 4.1)
    - Result (~> 4.1)
  - Result (4.1.0)

DEPENDENCIES:
  - MBProgressHUD (~> 1.1.0)
  - Moya (~> 13.0.0)

SPEC REPOS:
  trunk:
    - Alamofire
    - MBProgressHUD
    - Moya
    - Result

SPEC CHECKSUMS:
  Alamofire: 85e8a02c69d6020a0d734f6054870d7ecb75cf18
  MBProgressHUD: e7baa36a220447d8aeb12769bf0585582f3866d9
  Moya: f4a4b80ff2f8a4ffc208dfb31cd91636622fee6e
  Result: bd966fac789cc6c1563440b348ab2598cc24d5c7

PODFILE CHECKSUM: a38d330b1ab4a78d173c752bfeb9abf72fd11647

COCOAPODS: 1.8.4
